
Microsoft Visual Studio Solution File, Format Version 12.00
# Visual Studio 15
VisualStudioVersion = 15.0.28307.2017
MinimumVisualStudioVersion = 10.0.40219.1
Project("{8BC9CEB8-8B4A-11D0-8D11-00A0C91BC942}") = "model", "model\model.vcxproj", "{636DFD68-9F88-4AF5-8FFD-E932C575618A}"
EndProject
Project("{8BC9CEB8-8B4A-11D0-8D11-00A0C91BC942}") = "ui", "ui\ui.vcxproj", "{A23BE594-919D-4840-A04B-7E028B7D8791}"
EndProject
Project("{8BC9CEB8-8B4A-11D0-8D11-00A0C91BC942}") = "controller", "controller\controller.vcxproj", "{5222D72F-4046-4998-A82A-A40A94E8F2A2}"
EndProject
Project("{8BC9CEB8-8B4A-11D0-8D11-00A0C91BC942}") = "utility", "utility\utility.vcxproj", "{07371814-FCF8-483D-9FC7-61E94FE945C2}"
EndProject
Global
	GlobalSection(SolutionConfigurationPlatforms) = preSolution
		Debug|x64 = Debug|x64
		Debug|x86 = Debug|x86
		Release|x64 = Release|x64
		Release|x86 = Release|x86
	EndGlobalSection
	GlobalSection(ProjectConfigurationPlatforms) = postSolution
		{636DFD68-9F88-4AF5-8FFD-E932C575618A}.Debug|x64.ActiveCfg = Debug|x64
		{636DFD68-9F88-4AF5-8FFD-E932C575618A}.Debug|x64.Build.0 = Debug|x64
		{636DFD68-9F88-4AF5-8FFD-E932C575618A}.Debug|x86.ActiveCfg = Debug|Win32
		{636DFD68-9F88-4AF5-8FFD-E932C575618A}.Debug|x86.Build.0 = Debug|Win32
		{636DFD68-9F88-4AF5-8FFD-E932C575618A}.Release|x64.ActiveCfg = Release|x64
		{636DFD68-9F88-4AF5-8FFD-E932C575618A}.Release|x64.Build.0 = Release|x64
		{636DFD68-9F88-4AF5-8FFD-E932C575618A}.Release|x86.ActiveCfg = Release|Win32
		{636DFD68-9F88-4AF5-8FFD-E932C575618A}.Release|x86.Build.0 = Release|Win32
		{A23BE594-919D-4840-A04B-7E028B7D8791}.Debug|x64.ActiveCfg = Debug|x64
		{A23BE594-919D-4840-A04B-7E028B7D8791}.Debug|x64.Build.0 = Debug|x64
		{A23BE594-919D-4840-A04B-7E028B7D8791}.Debug|x86.ActiveCfg = Debug|Win32
		{A23BE594-919D-4840-A04B-7E028B7D8791}.Debug|x86.Build.0 = Debug|Win32
		{A23BE594-919D-4840-A04B-7E028B7D8791}.Release|x64.ActiveCfg = Release|x64
		{A23BE594-919D-4840-A04B-7E028B7D8791}.Release|x64.Build.0 = Release|x64
		{A23BE594-919D-4840-A04B-7E028B7D8791}.Release|x86.ActiveCfg = Release|Win32
		{A23BE594-919D-4840-A04B-7E028B7D8791}.Release|x86.Build.0 = Release|Win32
		{5222D72F-4046-4998-A82A-A40A94E8F2A2}.Debug|x64.ActiveCfg = Debug|x64
		{5222D72F-4046-4998-A82A-A40A94E8F2A2}.Debug|x64.Build.0 = Debug|x64
		{5222D72F-4046-4998-A82A-A40A94E8F2A2}.Debug|x86.ActiveCfg = Debug|Win32
		{5222D72F-4046-4998-A82A-A40A94E8F2A2}.Debug|x86.Build.0 = Debug|Win32
		{5222D72F-4046-4998-A82A-A40A94E8F2A2}.Release|x64.ActiveCfg = Release|x64
		{5222D72F-4046-4998-A82A-A40A94E8F2A2}.Release|x64.Build.0 = Release|x64
		{5222D72F-4046-4998-A82A-A40A94E8F2A2}.Release|x86.ActiveCfg = Release|Win32
		{5222D72F-4046-4998-A82A-A40A94E8F2A2}.Release|x86.Build.0 = Release|Win32
		{07371814-FCF8-483D-9FC7-61E94FE945C2}.Debug|x64.ActiveCfg = Debug|x64
		{07371814-FCF8-483D-9FC7-61E94FE945C2}.Debug|x64.Build.0 = Debug|x64
		{07371814-FCF8-483D-9FC7-61E94FE945C2}.Debug|x86.ActiveCfg = Debug|Win32
		{07371814-FCF8-483D-9FC7-61E94FE945C2}.Debug|x86.Build.0 = Debug|Win32
		{07371814-FCF8-483D-9FC7-61E94FE945C2}.Release|x64.ActiveCfg = Release|x64
		{07371814-FCF8-483D-9FC7-61E94FE945C2}.Release|x64.Build.0 = Release|x64
		{07371814-FCF8-483D-9FC7-61E94FE945C2}.Release|x86.ActiveCfg = Release|Win32
		{07371814-FCF8-483D-9FC7-61E94FE945C2}.Release|x86.Build.0 = Release|Win32
	EndGlobalSection
	GlobalSection(SolutionProperties) = preSolution
		HideSolutionNode = FALSE
	EndGlobalSection
	GlobalSection(ExtensibilityGlobals) = postSolution
		SolutionGuid = {B33E0ADE-4F96-4218-ACCE-E60388F3EF66}
	EndGlobalSection
EndGlobal
